
Microsoft Visual Studio Solution File, Format Version 12.00
# Visual Studio 2013
VisualStudioVersion = 12.0.21005.1
MinimumVisualStudioVersion = 10.0.40219.1
Project("{FAE04EC0-301F-11D3-BF4B-00C04F79EFBC}") = "Transport", "BUS\Transport.csproj", "{989BB076-97DD-4B75-B3D0-35B0EF3DDD3C}"
EndProject
Project("{54435603-DBB4-11D2-8724-00A0C9A8B90C}") = "Transport Setup", "Transport Setup\Transport Setup.vdproj", "{207E67AE-4A39-4FAF-A494-70072C453A64}"
EndProject
Global
	GlobalSection(SolutionConfigurationPlatforms) = preSolution
		Debug|Any CPU = Debug|Any CPU
		Debug|x64 = Debug|x64
		Debug|x86 = Debug|x86
		Release|Any CPU = Release|Any CPU
		Release|x64 = Release|x64
		Release|x86 = Release|x86
	EndGlobalSection
	GlobalSection(ProjectConfigurationPlatforms) = postSolution
		{989BB076-97DD-4B75-B3D0-35B0EF3DDD3C}.Debug|Any CPU.ActiveCfg = Debug|Any CPU
		{989BB076-97DD-4B75-B3D0-35B0EF3DDD3C}.Debug|Any CPU.Build.0 = Debug|Any CPU
		{989BB076-97DD-4B75-B3D0-35B0EF3DDD3C}.Debug|x64.ActiveCfg = Debug|x86
		{989BB076-97DD-4B75-B3D0-35B0EF3DDD3C}.Debug|x64.Build.0 = Debug|x86
		{989BB076-97DD-4B75-B3D0-35B0EF3DDD3C}.Debug|x86.ActiveCfg = Debug|Any CPU
		{989BB076-97DD-4B75-B3D0-35B0EF3DDD3C}.Debug|x86.Build.0 = Debug|Any CPU
		{989BB076-97DD-4B75-B3D0-35B0EF3DDD3C}.Release|Any CPU.ActiveCfg = Release|Any CPU
		{989BB076-97DD-4B75-B3D0-35B0EF3DDD3C}.Release|Any CPU.Build.0 = Release|Any CPU
		{989BB076-97DD-4B75-B3D0-35B0EF3DDD3C}.Release|x64.ActiveCfg = Release|x86
		{989BB076-97DD-4B75-B3D0-35B0EF3DDD3C}.Release|x64.Build.0 = Release|x86
		{989BB076-97DD-4B75-B3D0-35B0EF3DDD3C}.Release|x86.ActiveCfg = Release|x86
		{989BB076-97DD-4B75-B3D0-35B0EF3DDD3C}.Release|x86.Build.0 = Release|x86
		{989BB076-97DD-4B75-B3D0-35B0EF3DDD3C}.Release|x86.Deploy.0 = Release|x86
		{207E67AE-4A39-4FAF-A494-70072C453A64}.Debug|Any CPU.ActiveCfg = Debug
		{207E67AE-4A39-4FAF-A494-70072C453A64}.Debug|x64.ActiveCfg = Debug
		{207E67AE-4A39-4FAF-A494-70072C453A64}.Debug|x86.ActiveCfg = Debug
		{207E67AE-4A39-4FAF-A494-70072C453A64}.Release|Any CPU.ActiveCfg = Release
		{207E67AE-4A39-4FAF-A494-70072C453A64}.Release|x64.ActiveCfg = Release
		{207E67AE-4A39-4FAF-A494-70072C453A64}.Release|x86.ActiveCfg = Release
	EndGlobalSection
	GlobalSection(SolutionProperties) = preSolution
		HideSolutionNode = FALSE
	EndGlobalSection
EndGlobal
